
Microsoft Visual Studio Solution File, Format Version 12.00
# Visual Studio Version 17
VisualStudioVersion = 17.1.32421.90
MinimumVisualStudioVersion = 10.0.40219.1
Project("{FAE04EC0-301F-11D3-BF4B-00C04F79EFBC}") = "FrontBackEndUpdateLoop", "FrontBackEndUpdateLoop\FrontBackEndUpdateLoop.csproj", "{00818A9F-7147-48AC-9C38-5406CDA2DB70}"
EndProject
Project("{FAE04EC0-301F-11D3-BF4B-00C04F79EFBC}") = "BackEnd", "BackEnd\BackEnd.csproj", "{892AA4F3-D0A3-4745-9AA8-6CD7A8D84286}"
EndProject
Global
	GlobalSection(SolutionConfigurationPlatforms) = preSolution
		Debug|Any CPU = Debug|Any CPU
		Release|Any CPU = Release|Any CPU
	EndGlobalSection
	GlobalSection(ProjectConfigurationPlatforms) = postSolution
		{00818A9F-7147-48AC-9C38-5406CDA2DB70}.Debug|Any CPU.ActiveCfg = Debug|Any CPU
		{00818A9F-7147-48AC-9C38-5406CDA2DB70}.Debug|Any CPU.Build.0 = Debug|Any CPU
		{00818A9F-7147-48AC-9C38-5406CDA2DB70}.Release|Any CPU.ActiveCfg = Release|Any CPU
		{00818A9F-7147-48AC-9C38-5406CDA2DB70}.Release|Any CPU.Build.0 = Release|Any CPU
		{892AA4F3-D0A3-4745-9AA8-6CD7A8D84286}.Debug|Any CPU.ActiveCfg = Debug|Any CPU
		{892AA4F3-D0A3-4745-9AA8-6CD7A8D84286}.Debug|Any CPU.Build.0 = Debug|Any CPU
		{892AA4F3-D0A3-4745-9AA8-6CD7A8D84286}.Release|Any CPU.ActiveCfg = Release|Any CPU
		{892AA4F3-D0A3-4745-9AA8-6CD7A8D84286}.Release|Any CPU.Build.0 = Release|Any CPU
	EndGlobalSection
	GlobalSection(SolutionProperties) = preSolution
		HideSolutionNode = FALSE
	EndGlobalSection
	GlobalSection(ExtensibilityGlobals) = postSolution
		SolutionGuid = {56833A33-838A-49F8-AE2B-0D1D1D70169B}
	EndGlobalSection
EndGlobal
